
Microsoft Visual Studio Solution File, Format Version 12.00
# Visual Studio Version 17
VisualStudioVersion = 17.2.32526.322
MinimumVisualStudioVersion = 10.0.40219.1
Project("{FAE04EC0-301F-11D3-BF4B-00C04F79EFBC}") = "ConsoleApp5", "ConsoleApp5\ConsoleApp5.csproj", "{B4CBEE2F-BAB6-419B-82A3-3C7A20F4B13C}"
EndProject
Global
	GlobalSection(SolutionConfigurationPlatforms) = preSolution
		Debug|Any CPU = Debug|Any CPU
		Release|Any CPU = Release|Any CPU
	EndGlobalSection
	GlobalSection(ProjectConfigurationPlatforms) = postSolution
		{B4CBEE2F-BAB6-419B-82A3-3C7A20F4B13C}.Debug|Any CPU.ActiveCfg = Debug|Any CPU
		{B4CBEE2F-BAB6-419B-82A3-3C7A20F4B13C}.Debug|Any CPU.Build.0 = Debug|Any CPU
		{B4CBEE2F-BAB6-419B-82A3-3C7A20F4B13C}.Release|Any CPU.ActiveCfg = Release|Any CPU
		{B4CBEE2F-BAB6-419B-82A3-3C7A20F4B13C}.Release|Any CPU.Build.0 = Release|Any CPU
	EndGlobalSection
	GlobalSection(SolutionProperties) = preSolution
		HideSolutionNode = FALSE
	EndGlobalSection
	GlobalSection(ExtensibilityGlobals) = postSolution
		SolutionGuid = {E0EDD4B7-5595-406C-B17D-85B291248CB3}
	EndGlobalSection
EndGlobal
